
Microsoft Visual Studio Solution File, Format Version 12.00
# Visual Studio Version 17
VisualStudioVersion = 17.10.35013.160
MinimumVisualStudioVersion = 10.0.40219.1
Project("{FAE04EC0-301F-11D3-BF4B-00C04F79EFBC}") = "TransferenciasApiCore", "TransferenciasApiCore\TransferenciasApiCore.csproj", "{329603A9-A08B-406A-87D5-C65F5BB6BC7C}"
EndProject
Global
	GlobalSection(SolutionConfigurationPlatforms) = preSolution
		Debug|Any CPU = Debug|Any CPU
		Release|Any CPU = Release|Any CPU
	EndGlobalSection
	GlobalSection(ProjectConfigurationPlatforms) = postSolution
		{329603A9-A08B-406A-87D5-C65F5BB6BC7C}.Debug|Any CPU.ActiveCfg = Debug|Any CPU
		{329603A9-A08B-406A-87D5-C65F5BB6BC7C}.Debug|Any CPU.Build.0 = Debug|Any CPU
		{329603A9-A08B-406A-87D5-C65F5BB6BC7C}.Release|Any CPU.ActiveCfg = Release|Any CPU
		{329603A9-A08B-406A-87D5-C65F5BB6BC7C}.Release|Any CPU.Build.0 = Release|Any CPU
	EndGlobalSection
	GlobalSection(SolutionProperties) = preSolution
		HideSolutionNode = FALSE
	EndGlobalSection
	GlobalSection(ExtensibilityGlobals) = postSolution
		SolutionGuid = {3FB2CD41-634C-441A-B582-2AEBBC18FE96}
	EndGlobalSection
EndGlobal
